
Microsoft Visual Studio Solution File, Format Version 12.00
# Visual Studio 15
VisualStudioVersion = 15.0.27428.1
MinimumVisualStudioVersion = 10.0.40219.1
Project("{FAE04EC0-301F-11D3-BF4B-00C04F79EFBC}") = "WebshopFrontend", "WebshopFrontend\WebshopFrontend.csproj", "{F75DB60E-CDE9-4D31-AE60-786029434EDF}"
EndProject
Project("{FAE04EC0-301F-11D3-BF4B-00C04F79EFBC}") = "Entities", "Entities\Entities.csproj", "{1EB89EE5-F8B1-4CC2-8D9E-C7944DA0DF8F}"
EndProject
Project("{FAE04EC0-301F-11D3-BF4B-00C04F79EFBC}") = "DAL", "DAL\DAL.csproj", "{7645D40F-0724-4490-AB16-87C65320CD77}"
EndProject
Project("{FAE04EC0-301F-11D3-BF4B-00C04F79EFBC}") = "WebshopBackendAPI", "WebshopBackendAPI\WebshopBackendAPI.csproj", "{4CC2007B-F958-42B1-A9BC-73E10F4A5179}"
EndProject
Global
	GlobalSection(SolutionConfigurationPlatforms) = preSolution
		Debug|Any CPU = Debug|Any CPU
		Release|Any CPU = Release|Any CPU
	EndGlobalSection
	GlobalSection(ProjectConfigurationPlatforms) = postSolution
		{F75DB60E-CDE9-4D31-AE60-786029434EDF}.Debug|Any CPU.ActiveCfg = Debug|Any CPU
		{F75DB60E-CDE9-4D31-AE60-786029434EDF}.Debug|Any CPU.Build.0 = Debug|Any CPU
		{F75DB60E-CDE9-4D31-AE60-786029434EDF}.Release|Any CPU.ActiveCfg = Release|Any CPU
		{F75DB60E-CDE9-4D31-AE60-786029434EDF}.Release|Any CPU.Build.0 = Release|Any CPU
		{1EB89EE5-F8B1-4CC2-8D9E-C7944DA0DF8F}.Debug|Any CPU.ActiveCfg = Debug|Any CPU
		{1EB89EE5-F8B1-4CC2-8D9E-C7944DA0DF8F}.Debug|Any CPU.Build.0 = Debug|Any CPU
		{1EB89EE5-F8B1-4CC2-8D9E-C7944DA0DF8F}.Release|Any CPU.ActiveCfg = Release|Any CPU
		{1EB89EE5-F8B1-4CC2-8D9E-C7944DA0DF8F}.Release|Any CPU.Build.0 = Release|Any CPU
		{7645D40F-0724-4490-AB16-87C65320CD77}.Debug|Any CPU.ActiveCfg = Debug|Any CPU
		{7645D40F-0724-4490-AB16-87C65320CD77}.Debug|Any CPU.Build.0 = Debug|Any CPU
		{7645D40F-0724-4490-AB16-87C65320CD77}.Release|Any CPU.ActiveCfg = Release|Any CPU
		{7645D40F-0724-4490-AB16-87C65320CD77}.Release|Any CPU.Build.0 = Release|Any CPU
		{4CC2007B-F958-42B1-A9BC-73E10F4A5179}.Debug|Any CPU.ActiveCfg = Debug|Any CPU
		{4CC2007B-F958-42B1-A9BC-73E10F4A5179}.Debug|Any CPU.Build.0 = Debug|Any CPU
		{4CC2007B-F958-42B1-A9BC-73E10F4A5179}.Release|Any CPU.ActiveCfg = Release|Any CPU
		{4CC2007B-F958-42B1-A9BC-73E10F4A5179}.Release|Any CPU.Build.0 = Release|Any CPU
	EndGlobalSection
	GlobalSection(SolutionProperties) = preSolution
		HideSolutionNode = FALSE
	EndGlobalSection
	GlobalSection(ExtensibilityGlobals) = postSolution
		SolutionGuid = {B2940129-1648-4290-80ED-0BFAE07A5688}
	EndGlobalSection
EndGlobal
